# THIS IS AN AUTOGENERATED FILE. DO NOT EDIT THIS FILE DIRECTLY.
# yarn lockfile v1


"@ant-design/colors@^5.0.0":
  version "5.0.0"
  resolved "https://registry.npm.taobao.org/@ant-design/colors/download/@ant-design/colors-5.0.0.tgz#46b73b4cc6935b35fc8b84555e8e42c8cfc190e6"
  integrity sha1-Rrc7TMaTWzX8i4RVXo5CyM/BkOY=
  dependencies:
    "@ctrl/tinycolor" "^3.1.6"

"@ant-design/icons-svg@^4.0.0":
  version "4.1.0"
  resolved "https://registry.npm.taobao.org/@ant-design/icons-svg/download/@ant-design/icons-svg-4.1.0.tgz#480b025f4b20ef7fe8f47d4a4846e4fee84ea06c"
  integrity sha1-SAsCX0sg73/o9H1KSEbk/uhOoGw=

"@ant-design/icons@^4.3.0":
  version "4.3.0"
  resolved "https://registry.npm.taobao.org/@ant-design/icons/download/@ant-design/icons-4.3.0.tgz?cache=0&sync_timestamp=1605268128274&other_urls=https%3A%2F%2Fregistry.npm.taobao.org%2F%40ant-design%2Ficons%2Fdownload%2F%40ant-design%2Ficons-4.3.0.tgz#420e0cd527486c0fe57f81310d681950fc4cfacf"
  integrity sha1-Qg4M1SdIbA/lf4ExDWgZUPxM+s8=
  dependencies:
    "@ant-design/colors" "^5.0.0"
    "@ant-design/icons-svg" "^4.0.0"
    "@babel/runtime" "^7.11.2"
    classnames "^2.2.6"
    insert-css "^2.0.0"
    rc-util "^5.0.1"

"@babel/helper-plugin-utils@^7.8.0":
  version "7.10.4"
  resolved "https://registry.npm.taobao.org/@babel/helper-plugin-utils/download/@babel/helper-plugin-utils-7.10.4.tgz?cache=0&sync_timestamp=1593522842472&other_urls=https%3A%2F%2Fregistry.npm.taobao.org%2F%40babel%2Fhelper-plugin-utils%2Fdownload%2F%40babel%2Fhelper-plugin-utils-7.10.4.tgz#2f75a831269d4f677de49986dff59927533cf375"
  integrity sha1-L3WoMSadT2d95JmG3/WZJ1M883U=

"@babel/plugin-syntax-object-rest-spread@^7.8.3":
  version "7.8.3"
  resolved "https://registry.npm.taobao.org/@babel/plugin-syntax-object-rest-spread/download/@babel/plugin-syntax-object-rest-spread-7.8.3.tgz?cache=0&sync_timestamp=1578950070697&other_urls=https%3A%2F%2Fregistry.npm.taobao.org%2F%40babel%2Fplugin-syntax-object-rest-spread%2Fdownload%2F%40babel%2Fplugin-syntax-object-rest-spread-7.8.3.tgz#60e225edcbd98a640332a2e72dd3e66f1af55871"
  integrity sha1-YOIl7cvZimQDMqLnLdPmbxr1WHE=
  dependencies:
    "@babel/helper-plugin-utils" "^7.8.0"

"@babel/runtime@^7.11.2", "@babel/runtime@^7.3.1", "@babel/runtime@^7.4.4", "@babel/runtime@^7.5.5", "@babel/runtime@^7.8.3", "@babel/runtime@^7.8.7":
  version "7.12.1"
  resolved "https://registry.npm.taobao.org/@babel/runtime/download/@babel/runtime-7.12.1.tgz?cache=0&sync_timestamp=1602802266610&other_urls=https%3A%2F%2Fregistry.npm.taobao.org%2F%40babel%2Fruntime%2Fdownload%2F%40babel%2Fruntime-7.12.1.tgz#b4116a6b6711d010b2dad3b7b6e43bf1b9954740"
  integrity sha1-tBFqa2cR0BCy2tO3tuQ78bmVR0A=
  dependencies:
    regenerator-runtime "^0.13.4"

"@ctrl/tinycolor@^3.1.6":
  version "3.1.7"
  resolved "https://registry.npm.taobao.org/@ctrl/tinycolor/download/@ctrl/tinycolor-3.1.7.tgz#1585f67629882002a9f8e15a2941c9a4321bf80c"
  integrity sha1-FYX2dimIIAKp+OFaKUHJpDIb+Aw=

"@emotion/hash@^0.8.0":
  version "0.8.0"
  resolved "https://registry.npm.taobao.org/@emotion/hash/download/@emotion/hash-0.8.0.tgz#bbbff68978fefdbe68ccb533bc8cbe1d1afb5413"
  integrity sha1-u7/2iXj+/b5ozLUzvIy+HRr7VBM=

"@material-ui/styles@^4.11.2":
  version "4.11.2"
  resolved "https://registry.npm.taobao.org/@material-ui/styles/download/@material-ui/styles-4.11.2.tgz#e70558be3f41719e8c0d63c7a3c9ae163fdc84cb"
  integrity sha1-5wVYvj9BcZ6MDWPHo8muFj/chMs=
  dependencies:
    "@babel/runtime" "^7.4.4"
    "@emotion/hash" "^0.8.0"
    "@material-ui/types" "^5.1.0"
    "@material-ui/utils" "^4.11.2"
    clsx "^1.0.4"
    csstype "^2.5.2"
    hoist-non-react-statics "^3.3.2"
    jss "^10.0.3"
    jss-plugin-camel-case "^10.0.3"
    jss-plugin-default-unit "^10.0.3"
    jss-plugin-global "^10.0.3"
    jss-plugin-nested "^10.0.3"
    jss-plugin-props-sort "^10.0.3"
    jss-plugin-rule-value-function "^10.0.3"
    jss-plugin-vendor-prefixer "^10.0.3"
    prop-types "^15.7.2"

"@material-ui/types@^5.1.0":
  version "5.1.0"
  resolved "https://registry.npm.taobao.org/@material-ui/types/download/@material-ui/types-5.1.0.tgz#efa1c7a0b0eaa4c7c87ac0390445f0f88b0d88f2"
  integrity sha1-76HHoLDqpMfIesA5BEXw+IsNiPI=

"@material-ui/utils@^4.11.2":
  version "4.11.2"
  resolved "https://registry.npm.taobao.org/@material-ui/utils/download/@material-ui/utils-4.11.2.tgz#f1aefa7e7dff2ebcb97d31de51aecab1bb57540a"
  integrity sha1-8a76fn3/Lry5fTHeUa7KsbtXVAo=
  dependencies:
    "@babel/runtime" "^7.4.4"
    prop-types "^15.7.2"
    react-is "^16.8.0 || ^17.0.0"

"@testing-library/jest-dom@link:../node_modules/@testing-library/jest-dom":
  version "0.0.0"

"@testing-library/react@link:../node_modules/@testing-library/react":
  version "0.0.0"

"@testing-library/user-event@link:../node_modules/@testing-library/user-event":
  version "0.0.0"

"@types/hast@^2.0.0":
  version "2.3.1"
  resolved "https://registry.npm.taobao.org/@types/hast/download/@types/hast-2.3.1.tgz#b16872f2a6144c7025f296fb9636a667ebb79cd9"
  integrity sha1-sWhy8qYUTHAl8pb7ljamZ+u3nNk=
  dependencies:
    "@types/unist" "*"

"@types/jest@link:../node_modules/@types/jest":
  version "0.0.0"

"@types/node@link:../node_modules/@types/node":
  version "0.0.0"

"@types/react-dom@link:../node_modules/@types/react-dom":
  version "0.0.0"

"@types/react@link:../node_modules/@types/react":
  version "0.0.0"

"@types/unist@*":
  version "2.0.3"
  resolved "https://registry.npm.taobao.org/@types/unist/download/@types/unist-2.0.3.tgz#9c088679876f374eb5983f150d4787aa6fb32d7e"
  integrity sha1-nAiGeYdvN061mD8VDUeHqm+zLX4=

anymatch@~3.1.1:
  version "3.1.1"
  resolved "https://registry.npm.taobao.org/anymatch/download/anymatch-3.1.1.tgz#c55ecf02185e2469259399310c173ce31233b142"
  integrity sha1-xV7PAhheJGklk5kxDBc84xIzsUI=
  dependencies:
    normalize-path "^3.0.0"
    picomatch "^2.0.4"

binary-extensions@^2.0.0:
  version "2.1.0"
  resolved "https://registry.npm.taobao.org/binary-extensions/download/binary-extensions-2.1.0.tgz?cache=0&sync_timestamp=1593261363626&other_urls=https%3A%2F%2Fregistry.npm.taobao.org%2Fbinary-extensions%2Fdownload%2Fbinary-extensions-2.1.0.tgz#30fa40c9e7fe07dbc895678cd287024dea241dd9"
  integrity sha1-MPpAyef+B9vIlWeM0ocCTeokHdk=

braces@~3.0.2:
  version "3.0.2"
  resolved "https://registry.npm.taobao.org/braces/download/braces-3.0.2.tgz#3454e1a462ee8d599e236df336cd9ea4f8afe107"
  integrity sha1-NFThpGLujVmeI23zNs2epPiv4Qc=
  dependencies:
    fill-range "^7.0.1"

character-entities-legacy@^1.0.0:
  version "1.1.4"
  resolved "https://registry.npm.taobao.org/character-entities-legacy/download/character-entities-legacy-1.1.4.tgz#94bc1845dce70a5bb9d2ecc748725661293d8fc1"
  integrity sha1-lLwYRdznClu50uzHSHJWYSk9j8E=

character-entities@^1.0.0:
  version "1.2.4"
  resolved "https://registry.npm.taobao.org/character-entities/download/character-entities-1.2.4.tgz#e12c3939b7eaf4e5b15e7ad4c5e28e1d48c5b16b"
  integrity sha1-4Sw5Obfq9OWxXnrUxeKOHUjFsWs=

character-reference-invalid@^1.0.0:
  version "1.1.4"
  resolved "https://registry.npm.taobao.org/character-reference-invalid/download/character-reference-invalid-1.1.4.tgz#083329cda0eae272ab3dbbf37e9a382c13af1560"
  integrity sha1-CDMpzaDq4nKrPbvzfpo4LBOvFWA=

"chokidar@>=2.0.0 <4.0.0":
  version "3.4.3"
  resolved "https://registry.npm.taobao.org/chokidar/download/chokidar-3.4.3.tgz?cache=0&sync_timestamp=1602585473259&other_urls=https%3A%2F%2Fregistry.npm.taobao.org%2Fchokidar%2Fdownload%2Fchokidar-3.4.3.tgz#c1df38231448e45ca4ac588e6c79573ba6a57d5b"
  integrity sha1-wd84IxRI5FykrFiObHlXO6alfVs=
  dependencies:
    anymatch "~3.1.1"
    braces "~3.0.2"
    glob-parent "~5.1.0"
    is-binary-path "~2.1.0"
    is-glob "~4.0.1"
    normalize-path "~3.0.0"
    readdirp "~3.5.0"
  optionalDependencies:
    fsevents "~2.1.2"

classnames@^2.2.6:
  version "2.2.6"
  resolved "https://registry.npm.taobao.org/classnames/download/classnames-2.2.6.tgz#43935bffdd291f326dad0a205309b38d00f650ce"
  integrity sha1-Q5Nb/90pHzJtrQogUwmzjQD2UM4=

clipboard@^2.0.0:
  version "2.0.6"
  resolved "https://registry.npm.taobao.org/clipboard/download/clipboard-2.0.6.tgz?cache=0&sync_timestamp=1583389652647&other_urls=https%3A%2F%2Fregistry.npm.taobao.org%2Fclipboard%2Fdownload%2Fclipboard-2.0.6.tgz#52921296eec0fdf77ead1749421b21c968647376"
  integrity sha1-UpISlu7A/fd+rRdJQhshyWhkc3Y=
  dependencies:
    good-listener "^1.2.2"
    select "^1.1.2"
    tiny-emitter "^2.0.0"

clsx@^1.0.4, clsx@^1.1.1:
  version "1.1.1"
  resolved "https://registry.npm.taobao.org/clsx/download/clsx-1.1.1.tgz#98b3134f9abbdf23b2663491ace13c5c03a73188"
  integrity sha1-mLMTT5q73yOyZjSRrOE8XAOnMYg=

comma-separated-tokens@^1.0.0:
  version "1.0.8"
  resolved "https://registry.npm.taobao.org/comma-separated-tokens/download/comma-separated-tokens-1.0.8.tgz#632b80b6117867a158f1080ad498b2fbe7e3f5ea"
  integrity sha1-YyuAthF4Z6FY8QgK1Jiy++fj9eo=

css-vendor@^2.0.8:
  version "2.0.8"
  resolved "https://registry.npm.taobao.org/css-vendor/download/css-vendor-2.0.8.tgz#e47f91d3bd3117d49180a3c935e62e3d9f7f449d"
  integrity sha1-5H+R070xF9SRgKPJNeYuPZ9/RJ0=
  dependencies:
    "@babel/runtime" "^7.8.3"
    is-in-browser "^1.0.2"

csstype@^2.5.2:
  version "2.6.13"
  resolved "https://registry.npm.taobao.org/csstype/download/csstype-2.6.13.tgz#a6893015b90e84dd6e85d0e3b442a1e84f2dbe0f"
  integrity sha1-pokwFbkOhN1uhdDjtEKh6E8tvg8=

csstype@^3.0.2:
  version "3.0.4"
  resolved "https://registry.npm.taobao.org/csstype/download/csstype-3.0.4.tgz#b156d7be03b84ff425c9a0a4b1e5f4da9c5ca888"
  integrity sha1-sVbXvgO4T/QlyaCkseX02pxcqIg=

delegate@^3.1.2:
  version "3.2.0"
  resolved "https://registry.npm.taobao.org/delegate/download/delegate-3.2.0.tgz#b66b71c3158522e8ab5744f720d8ca0c2af59166"
  integrity sha1-tmtxwxWFIuirV0T3INjKDCr1kWY=

dom-helpers@^5.0.1:
  version "5.2.0"
  resolved "https://registry.npm.taobao.org/dom-helpers/download/dom-helpers-5.2.0.tgz?cache=0&sync_timestamp=1596414637781&other_urls=https%3A%2F%2Fregistry.npm.taobao.org%2Fdom-helpers%2Fdownload%2Fdom-helpers-5.2.0.tgz#57fd054c5f8f34c52a3eeffdb7e7e93cd357d95b"
  integrity sha1-V/0FTF+PNMUqPu/9t+fpPNNX2Vs=
  dependencies:
    "@babel/runtime" "^7.8.7"
    csstype "^3.0.2"

fault@^1.0.0:
  version "1.0.4"
  resolved "https://registry.npm.taobao.org/fault/download/fault-1.0.4.tgz#eafcfc0a6d214fc94601e170df29954a4f842f13"
  integrity sha1-6vz8Cm0hT8lGAeFw3ymVSk+ELxM=
  dependencies:
    format "^0.2.0"

fill-range@^7.0.1:
  version "7.0.1"
  resolved "https://registry.npm.taobao.org/fill-range/download/fill-range-7.0.1.tgz#1919a6a7c75fe38b2c7c77e5198535da9acdda40"
  integrity sha1-GRmmp8df44ssfHflGYU12prN2kA=
  dependencies:
    to-regex-range "^5.0.1"

format@^0.2.0:
  version "0.2.2"
  resolved "https://registry.npm.taobao.org/format/download/format-0.2.2.tgz#d6170107e9efdc4ed30c9dc39016df942b5cb58b"
  integrity sha1-1hcBB+nv3E7TDJ3DkBbflCtctYs=

fsevents@~2.1.2:
  version "2.1.3"
  resolved "https://registry.npm.taobao.org/fsevents/download/fsevents-2.1.3.tgz#fb738703ae8d2f9fe900c33836ddebee8b97f23e"
  integrity sha1-+3OHA66NL5/pAMM4Nt3r7ouX8j4=

glob-parent@~5.1.0:
  version "5.1.2"
  resolved "https://registry.yarnpkg.com/glob-parent/-/glob-parent-5.1.2.tgz#869832c58034fe68a4093c17dc15e8340d8401c4"
  integrity sha512-AOIgSQCepiJYwP3ARnGx+5VnTu2HBYdzbGP45eLw1vr3zB3vZLeyed1sC9hnbcOc9/SrMyM5RPQrkGz4aS9Zow==
  dependencies:
    is-glob "^4.0.1"

good-listener@^1.2.2:
  version "1.2.2"
  resolved "https://registry.npm.taobao.org/good-listener/download/good-listener-1.2.2.tgz#d53b30cdf9313dffb7dc9a0d477096aa6d145c50"
  integrity sha1-1TswzfkxPf+33JoNR3CWqm0UXFA=
  dependencies:
    delegate "^3.1.2"

hast-util-parse-selector@^2.0.0:
  version "2.2.5"
  resolved "https://registry.npm.taobao.org/hast-util-parse-selector/download/hast-util-parse-selector-2.2.5.tgz#d57c23f4da16ae3c63b3b6ca4616683313499c3a"
  integrity sha1-1Xwj9NoWrjxjs7bKRhZoMxNJnDo=

hastscript@^6.0.0:
  version "6.0.0"
  resolved "https://registry.npm.taobao.org/hastscript/download/hastscript-6.0.0.tgz#e8768d7eac56c3fdeac8a92830d58e811e5bf640"
  integrity sha1-6HaNfqxWw/3qyKkoMNWOgR5b9kA=
  dependencies:
    "@types/hast" "^2.0.0"
    comma-separated-tokens "^1.0.0"
    hast-util-parse-selector "^2.0.0"
    property-information "^5.0.0"
    space-separated-tokens "^1.0.0"

highlight.js@^10.4.1, highlight.js@~10.5.0:
  version "10.5.0"
  resolved "https://registry.npm.taobao.org/highlight.js/download/highlight.js-10.5.0.tgz#3f09fede6a865757378f2d9ebdcbc15ba268f98f"
  integrity sha1-Pwn+3mqGV1c3jy2evcvBW6Jo+Y8=

hoist-non-react-statics@^3.3.2:
  version "3.3.2"
  resolved "https://registry.npm.taobao.org/hoist-non-react-statics/download/hoist-non-react-statics-3.3.2.tgz?cache=0&other_urls=https%3A%2F%2Fregistry.npm.taobao.org%2Fhoist-non-react-statics%2Fdownload%2Fhoist-non-react-statics-3.3.2.tgz#ece0acaf71d62c2969c2ec59feff42a4b1a85b45"
  integrity sha1-7OCsr3HWLClpwuxZ/v9CpLGoW0U=
  dependencies:
    react-is "^16.7.0"

hyphenate-style-name@^1.0.3:
  version "1.0.4"
  resolved "https://registry.npm.taobao.org/hyphenate-style-name/download/hyphenate-style-name-1.0.4.tgz#691879af8e220aea5750e8827db4ef62a54e361d"
  integrity sha1-aRh5r44iCupXUOiCfbTvYqVONh0=

insert-css@^2.0.0:
  version "2.0.0"
  resolved "https://registry.npm.taobao.org/insert-css/download/insert-css-2.0.0.tgz#eb5d1097b7542f4c79ea3060d3aee07d053880f4"
  integrity sha1-610Ql7dUL0x56jBg067gfQU4gPQ=

is-alphabetical@^1.0.0:
  version "1.0.4"
  resolved "https://registry.npm.taobao.org/is-alphabetical/download/is-alphabetical-1.0.4.tgz#9e7d6b94916be22153745d184c298cbf986a686d"
  integrity sha1-nn1rlJFr4iFTdF0YTCmMv5hqaG0=

is-alphanumerical@^1.0.0:
  version "1.0.4"
  resolved "https://registry.npm.taobao.org/is-alphanumerical/download/is-alphanumerical-1.0.4.tgz#7eb9a2431f855f6b1ef1a78e326df515696c4dbf"
  integrity sha1-frmiQx+FX2se8aeOMm31FWlsTb8=
  dependencies:
    is-alphabetical "^1.0.0"
    is-decimal "^1.0.0"

is-binary-path@~2.1.0:
  version "2.1.0"
  resolved "https://registry.npm.taobao.org/is-binary-path/download/is-binary-path-2.1.0.tgz#ea1f7f3b80f064236e83470f86c09c254fb45b09"
  integrity sha1-6h9/O4DwZCNug0cPhsCcJU+0Wwk=
  dependencies:
    binary-extensions "^2.0.0"

is-decimal@^1.0.0:
  version "1.0.4"
  resolved "https://registry.npm.taobao.org/is-decimal/download/is-decimal-1.0.4.tgz#65a3a5958a1c5b63a706e1b333d7cd9f630d3fa5"
  integrity sha1-ZaOllYocW2OnBuGzM9fNn2MNP6U=

is-extglob@^2.1.1:
  version "2.1.1"
  resolved "https://registry.yarnpkg.com/is-extglob/-/is-extglob-2.1.1.tgz#a88c02535791f02ed37c76a1b9ea9773c833f8c2"
  integrity sha1-qIwCU1eR8C7TfHahueqXc8gz+MI=

is-glob@^4.0.1, is-glob@~4.0.1:
  version "4.0.1"
  resolved "https://registry.npm.taobao.org/is-glob/download/is-glob-4.0.1.tgz#7567dbe9f2f5e2467bc77ab83c4a29482407a5dc"
  integrity sha1-dWfb6fL14kZ7x3q4PEopSCQHpdw=
  dependencies:
    is-extglob "^2.1.1"

is-hexadecimal@^1.0.0:
  version "1.0.4"
  resolved "https://registry.npm.taobao.org/is-hexadecimal/download/is-hexadecimal-1.0.4.tgz#cc35c97588da4bd49a8eedd6bc4082d44dcb23a7"
  integrity sha1-zDXJdYjaS9Saju3WvECC1E3LI6c=

is-in-browser@^1.0.2, is-in-browser@^1.1.3:
  version "1.1.3"
  resolved "https://registry.npm.taobao.org/is-in-browser/download/is-in-browser-1.1.3.tgz#56ff4db683a078c6082eb95dad7dc62e1d04f835"
  integrity sha1-Vv9NtoOgeMYILrldrX3GLh0E+DU=

is-number@^7.0.0:
  version "7.0.0"
  resolved "https://registry.npm.taobao.org/is-number/download/is-number-7.0.0.tgz#7535345b896734d5f80c4d06c50955527a14f12b"
  integrity sha1-dTU0W4lnNNX4DE0GxQlVUnoU8Ss=

"js-tokens@^3.0.0 || ^4.0.0":
  version "4.0.0"
  resolved "https://registry.npm.taobao.org/js-tokens/download/js-tokens-4.0.0.tgz#19203fb59991df98e3a287050d4647cdeaf32499"
  integrity sha1-GSA/tZmR35jjoocFDUZHzerzJJk=

jss-plugin-camel-case@^10.0.3:
  version "10.4.0"
  resolved "https://registry.npm.taobao.org/jss-plugin-camel-case/download/jss-plugin-camel-case-10.4.0.tgz#46c75ff7fd61c304984c21af5817823f0f501ceb"
  integrity sha1-Rsdf9/1hwwSYTCGvWBeCPw9QHOs=
  dependencies:
    "@babel/runtime" "^7.3.1"
    hyphenate-style-name "^1.0.3"
    jss "10.4.0"

jss-plugin-default-unit@^10.0.3:
  version "10.4.0"
  resolved "https://registry.npm.taobao.org/jss-plugin-default-unit/download/jss-plugin-default-unit-10.4.0.tgz#2b10f01269eaea7f36f0f5fd1cfbfcc76ed42854"
  integrity sha1-KxDwEmnq6n828PX9HPv8x27UKFQ=
  dependencies:
    "@babel/runtime" "^7.3.1"
    jss "10.4.0"

jss-plugin-global@^10.0.3:
  version "10.4.0"
  resolved "https://registry.npm.taobao.org/jss-plugin-global/download/jss-plugin-global-10.4.0.tgz#19449425a94e4e74e113139b629fd44d3577f97d"
  integrity sha1-GUSUJalOTnThExObYp/UTTV3+X0=
  dependencies:
    "@babel/runtime" "^7.3.1"
    jss "10.4.0"

jss-plugin-nested@^10.0.3:
  version "10.4.0"
  resolved "https://registry.npm.taobao.org/jss-plugin-nested/download/jss-plugin-nested-10.4.0.tgz#017d0c02c0b6b454fd9d7d3fc33470a15eea9fd1"
  integrity sha1-AX0MAsC2tFT9nX0/wzRwoV7qn9E=
  dependencies:
    "@babel/runtime" "^7.3.1"
    jss "10.4.0"
    tiny-warning "^1.0.2"

jss-plugin-props-sort@^10.0.3:
  version "10.4.0"
  resolved "https://registry.npm.taobao.org/jss-plugin-props-sort/download/jss-plugin-props-sort-10.4.0.tgz#7110bf0b6049cc2080b220b506532bf0b70c0e07"
  integrity sha1-cRC/C2BJzCCAsiC1BlMr8LcMDgc=
  dependencies:
    "@babel/runtime" "^7.3.1"
    jss "10.4.0"

jss-plugin-rule-value-function@^10.0.3:
  version "10.4.0"
  resolved "https://registry.npm.taobao.org/jss-plugin-rule-value-function/download/jss-plugin-rule-value-function-10.4.0.tgz#7cff4a91e84973536fa49b6ebbdbf7f339b01c82"
  integrity sha1-fP9KkehJc1NvpJtuu9v38zmwHII=
  dependencies:
    "@babel/runtime" "^7.3.1"
    jss "10.4.0"
    tiny-warning "^1.0.2"

jss-plugin-vendor-prefixer@^10.0.3:
  version "10.4.0"
  resolved "https://registry.npm.taobao.org/jss-plugin-vendor-prefixer/download/jss-plugin-vendor-prefixer-10.4.0.tgz#2a78f3c5d57d1e024fe7ad7c41de34d04e72ecc0"
  integrity sha1-KnjzxdV9HgJP5618Qd400E5y7MA=
  dependencies:
    "@babel/runtime" "^7.3.1"
    css-vendor "^2.0.8"
    jss "10.4.0"

jss@10.4.0, jss@^10.0.3:
  version "10.4.0"
  resolved "https://registry.npm.taobao.org/jss/download/jss-10.4.0.tgz#473a6fbe42e85441020a07e9519dac1e8a2e79ca"
  integrity sha1-RzpvvkLoVEECCgfpUZ2sHooueco=
  dependencies:
    "@babel/runtime" "^7.3.1"
    csstype "^3.0.2"
    is-in-browser "^1.1.3"
    tiny-warning "^1.0.2"

lodash-es@^4.17.20:
  version "4.17.20"
  resolved "https://registry.npm.taobao.org/lodash-es/download/lodash-es-4.17.20.tgz?cache=0&sync_timestamp=1608444826214&other_urls=https%3A%2F%2Fregistry.npm.taobao.org%2Flodash-es%2Fdownload%2Flodash-es-4.17.20.tgz#29f6332eefc60e849f869c264bc71126ad61e8f7"
  integrity sha1-KfYzLu/GDoSfhpwmS8cRJq1h6Pc=

loose-envify@^1.4.0:
  version "1.4.0"
  resolved "https://registry.npm.taobao.org/loose-envify/download/loose-envify-1.4.0.tgz#71ee51fa7be4caec1a63839f7e682d8132d30caf"
  integrity sha1-ce5R+nvkyuwaY4OffmgtgTLTDK8=
  dependencies:
    js-tokens "^3.0.0 || ^4.0.0"

lowlight@^1.17.0:
  version "1.18.0"
  resolved "https://registry.npm.taobao.org/lowlight/download/lowlight-1.18.0.tgz#cfff11cfb125ca66f1c12cb43d27fff68cbeafa9"
  integrity sha1-z/8Rz7ElymbxwSy0PSf/9oy+r6k=
  dependencies:
    fault "^1.0.0"
    highlight.js "~10.5.0"

markdown-to-jsx@^7.1.0:
  version "7.1.0"
  resolved "https://registry.npm.taobao.org/markdown-to-jsx/download/markdown-to-jsx-7.1.0.tgz#6f9b3be27560fab3f240ae253e63e52d811eb027"
  integrity sha1-b5s74nVg+rPyQK4lPmPlLYEesCc=

normalize-path@^3.0.0, normalize-path@~3.0.0:
  version "3.0.0"
  resolved "https://registry.npm.taobao.org/normalize-path/download/normalize-path-3.0.0.tgz?cache=0&sync_timestamp=1588851827399&other_urls=https%3A%2F%2Fregistry.npm.taobao.org%2Fnormalize-path%2Fdownload%2Fnormalize-path-3.0.0.tgz#0dcd69ff23a1c9b11fd0978316644a0388216a65"
  integrity sha1-Dc1p/yOhybEf0JeDFmRKA4ghamU=

normalize.css@^8.0.1:
  version "8.0.1"
  resolved "https://registry.npm.taobao.org/normalize.css/download/normalize.css-8.0.1.tgz#9b98a208738b9cc2634caacbc42d131c97487bf3"
  integrity sha1-m5iiCHOLnMJjTKrLxC0THJdIe/M=

object-assign@^4.1.1:
  version "4.1.1"
  resolved "https://registry.npm.taobao.org/object-assign/download/object-assign-4.1.1.tgz#2109adc7965887cfc05cbbd442cac8bfbb360863"
  integrity sha1-IQmtx5ZYh8/AXLvUQsrIv7s2CGM=

parse-entities@^2.0.0:
  version "2.0.0"
  resolved "https://registry.npm.taobao.org/parse-entities/download/parse-entities-2.0.0.tgz#53c6eb5b9314a1f4ec99fa0fdf7ce01ecda0cbe8"
  integrity sha1-U8brW5MUofTsmfoP33zgHs2gy+g=
  dependencies:
    character-entities "^1.0.0"
    character-entities-legacy "^1.0.0"
    character-reference-invalid "^1.0.0"
    is-alphanumerical "^1.0.0"
    is-decimal "^1.0.0"
    is-hexadecimal "^1.0.0"

picomatch@^2.0.4, picomatch@^2.2.1:
  version "2.2.2"
  resolved "https://registry.npm.taobao.org/picomatch/download/picomatch-2.2.2.tgz#21f333e9b6b8eaff02468f5146ea406d345f4dad"
  integrity sha1-IfMz6ba46v8CRo9RRupAbTRfTa0=

prismjs@^1.22.0, prismjs@~1.22.0:
  version "1.22.0"
  resolved "https://registry.npm.taobao.org/prismjs/download/prismjs-1.22.0.tgz#73c3400afc58a823dd7eed023f8e1ce9fd8977fa"
  integrity sha1-c8NACvxYqCPdfu0CP44c6f2Jd/o=
  optionalDependencies:
    clipboard "^2.0.0"

prop-types@^15.6.2, prop-types@^15.7.2:
  version "15.7.2"
  resolved "https://registry.npm.taobao.org/prop-types/download/prop-types-15.7.2.tgz?cache=0&other_urls=https%3A%2F%2Fregistry.npm.taobao.org%2Fprop-types%2Fdownload%2Fprop-types-15.7.2.tgz#52c41e75b8c87e72b9d9360e0206b99dcbffa6c5"
  integrity sha1-UsQedbjIfnK52TYOAga5ncv/psU=
  dependencies:
    loose-envify "^1.4.0"
    object-assign "^4.1.1"
    react-is "^16.8.1"

property-information@^5.0.0:
  version "5.6.0"
  resolved "https://registry.npm.taobao.org/property-information/download/property-information-5.6.0.tgz#61675545fb23002f245c6540ec46077d4da3ed69"
  integrity sha1-YWdVRfsjAC8kXGVA7EYHfU2j7Wk=
  dependencies:
    xtend "^4.0.0"

rc-util@^5.0.1:
  version "5.4.0"
  resolved "https://registry.npm.taobao.org/rc-util/download/rc-util-5.4.0.tgz?cache=0&sync_timestamp=1601273714084&other_urls=https%3A%2F%2Fregistry.npm.taobao.org%2Frc-util%2Fdownload%2Frc-util-5.4.0.tgz#688eaeecfdae9dae2bfdf10bedbe884591dba004"
  integrity sha1-aI6u7P2una4r/fEL7b6IRZHboAQ=
  dependencies:
    react-is "^16.12.0"
    shallowequal "^1.1.0"

"react-dom@link:../node_modules/react-dom":
  version "0.0.0"

react-is@^16.12.0, react-is@^16.7.0, react-is@^16.8.1:
  version "16.13.1"
  resolved "https://registry.npm.taobao.org/react-is/download/react-is-16.13.1.tgz?cache=0&sync_timestamp=1603367632728&other_urls=https%3A%2F%2Fregistry.npm.taobao.org%2Freact-is%2Fdownload%2Freact-is-16.13.1.tgz#789729a4dc36de2999dc156dd6c1d9c18cea56a4"
  integrity sha1-eJcppNw23imZ3BVt1sHZwYzqVqQ=

"react-is@^16.8.0 || ^17.0.0":
  version "17.0.1"
  resolved "https://registry.npm.taobao.org/react-is/download/react-is-17.0.1.tgz?cache=0&sync_timestamp=1603367632728&other_urls=https%3A%2F%2Fregistry.npm.taobao.org%2Freact-is%2Fdownload%2Freact-is-17.0.1.tgz#5b3531bd76a645a4c9fb6e693ed36419e3301339"
  integrity sha1-WzUxvXamRaTJ+25pPtNkGeMwEzk=

"react-scripts@link:../node_modules/react-scripts":
  version "0.0.0"

react-syntax-highlighter@^15.4.3:
  version "15.4.3"
  resolved "https://registry.npm.taobao.org/react-syntax-highlighter/download/react-syntax-highlighter-15.4.3.tgz?cache=0&sync_timestamp=1607657937130&other_urls=https%3A%2F%2Fregistry.npm.taobao.org%2Freact-syntax-highlighter%2Fdownload%2Freact-syntax-highlighter-15.4.3.tgz#fffe3286677ac470b963b364916d16374996f3a6"
  integrity sha1-//4yhmd6xHC5Y7NkkW0WN0mW86Y=
  dependencies:
    "@babel/runtime" "^7.3.1"
    highlight.js "^10.4.1"
    lowlight "^1.17.0"
    prismjs "^1.22.0"
    refractor "^3.2.0"

react-transition-group@^4.4.1:
  version "4.4.1"
  resolved "https://registry.npm.taobao.org/react-transition-group/download/react-transition-group-4.4.1.tgz#63868f9325a38ea5ee9535d828327f85773345c9"
  integrity sha1-Y4aPkyWjjqXulTXYKDJ/hXczRck=
  dependencies:
    "@babel/runtime" "^7.5.5"
    dom-helpers "^5.0.1"
    loose-envify "^1.4.0"
    prop-types "^15.6.2"

"react@link:../node_modules/react":
  version "0.0.0"

readdirp@~3.5.0:
  version "3.5.0"
  resolved "https://registry.npm.taobao.org/readdirp/download/readdirp-3.5.0.tgz#9ba74c019b15d365278d2e91bb8c48d7b4d42c9e"
  integrity sha1-m6dMAZsV02UnjS6Ru4xI17TULJ4=
  dependencies:
    picomatch "^2.2.1"

refractor@^3.2.0:
  version "3.2.0"
  resolved "https://registry.npm.taobao.org/refractor/download/refractor-3.2.0.tgz#bc46f7cfbb6adbf45cd304e8e299b7fa854804e0"
  integrity sha1-vEb3z7tq2/Rc0wTo4pm3+oVIBOA=
  dependencies:
    hastscript "^6.0.0"
    parse-entities "^2.0.0"
    prismjs "~1.22.0"

regenerator-runtime@^0.13.4:
  version "0.13.7"
  resolved "https://registry.npm.taobao.org/regenerator-runtime/download/regenerator-runtime-0.13.7.tgz?cache=0&sync_timestamp=1595456224955&other_urls=https%3A%2F%2Fregistry.npm.taobao.org%2Fregenerator-runtime%2Fdownload%2Fregenerator-runtime-0.13.7.tgz#cac2dacc8a1ea675feaabaeb8ae833898ae46f55"
  integrity sha1-ysLazIoepnX+qrrriugziYrkb1U=

sass@^1.32.0:
  version "1.32.0"
  resolved "https://registry.npm.taobao.org/sass/download/sass-1.32.0.tgz#10101a026c13080b14e2b374d4e15ee24400a4d3"
  integrity sha1-EBAaAmwTCAsU4rN01OFe4kQApNM=
  dependencies:
    chokidar ">=2.0.0 <4.0.0"

select@^1.1.2:
  version "1.1.2"
  resolved "https://registry.npm.taobao.org/select/download/select-1.1.2.tgz#0e7350acdec80b1108528786ec1d4418d11b396d"
  integrity sha1-DnNQrN7ICxEIUoeG7B1EGNEbOW0=

shallowequal@^1.1.0:
  version "1.1.0"
  resolved "https://registry.npm.taobao.org/shallowequal/download/shallowequal-1.1.0.tgz#188d521de95b9087404fd4dcb68b13df0ae4e7f8"
  integrity sha1-GI1SHelbkIdAT9TctosT3wrk5/g=

space-separated-tokens@^1.0.0:
  version "1.1.5"
  resolved "https://registry.npm.taobao.org/space-separated-tokens/download/space-separated-tokens-1.1.5.tgz#85f32c3d10d9682007e917414ddc5c26d1aa6899"
  integrity sha1-hfMsPRDZaCAH6RdBTdxcJtGqaJk=

"sylas-react-ui@link:..":
  version "2.0.12"
  dependencies:
    "@ant-design/icons" "^4.3.0"
    "@material-ui/styles" "^4.11.2"
    clsx "^1.1.1"
    lodash-es "^4.17.20"
    normalize.css "^8.0.1"
    react-transition-group "^4.4.1"

tiny-emitter@^2.0.0:
  version "2.1.0"
  resolved "https://registry.npm.taobao.org/tiny-emitter/download/tiny-emitter-2.1.0.tgz#1d1a56edfc51c43e863cbb5382a72330e3555423"
  integrity sha1-HRpW7fxRxD6GPLtTgqcjMONVVCM=

tiny-warning@^1.0.2:
  version "1.0.3"
  resolved "https://registry.npm.taobao.org/tiny-warning/download/tiny-warning-1.0.3.tgz#94a30db453df4c643d0fd566060d60a875d84754"
  integrity sha1-lKMNtFPfTGQ9D9VmBg1gqHXYR1Q=

to-regex-range@^5.0.1:
  version "5.0.1"
  resolved "https://registry.npm.taobao.org/to-regex-range/download/to-regex-range-5.0.1.tgz#1648c44aae7c8d988a326018ed72f5b4dd0392e4"
  integrity sha1-FkjESq58jZiKMmAY7XL1tN0DkuQ=
  dependencies:
    is-number "^7.0.0"

"typescript@link:../node_modules/typescript":
  version "0.0.0"

xtend@^4.0.0:
  version "4.0.2"
  resolved "https://registry.npm.taobao.org/xtend/download/xtend-4.0.2.tgz#bb72779f5fa465186b1f438f674fa347fdb5db54"
  integrity sha1-u3J3n1+kZRhrH0OPZ0+jR/2121Q=
